
Microsoft Visual Studio Solution File, Format Version 12.00
# Visual Studio Version 16
VisualStudioVersion = 16.0.29728.190
MinimumVisualStudioVersion = 10.0.40219.1
Project("{9A19103F-16F7-4668-BE54-9A1E7A4F7556}") = "Bravent.MultiDatabaseAPI.Infrastructure.Shared", "Bravent.MultiDatabaseAPI.Infrastructure.Shared.csproj", "{C7375F41-69A2-4660-BE1B-FB9507A73F4C}"
EndProject
Global
	GlobalSection(SolutionConfigurationPlatforms) = preSolution
		Debug|Any CPU = Debug|Any CPU
		Release|Any CPU = Release|Any CPU
	EndGlobalSection
	GlobalSection(ProjectConfigurationPlatforms) = postSolution
		{C7375F41-69A2-4660-BE1B-FB9507A73F4C}.Debug|Any CPU.ActiveCfg = Debug|Any CPU
		{C7375F41-69A2-4660-BE1B-FB9507A73F4C}.Debug|Any CPU.Build.0 = Debug|Any CPU
		{C7375F41-69A2-4660-BE1B-FB9507A73F4C}.Release|Any CPU.ActiveCfg = Release|Any CPU
		{C7375F41-69A2-4660-BE1B-FB9507A73F4C}.Release|Any CPU.Build.0 = Release|Any CPU
	EndGlobalSection
	GlobalSection(SolutionProperties) = preSolution
		HideSolutionNode = FALSE
	EndGlobalSection
	GlobalSection(ExtensibilityGlobals) = postSolution
		SolutionGuid = {4521D3A2-E36B-48D0-9F60-A97590F5F16D}
	EndGlobalSection
EndGlobal
